
Microsoft Visual Studio Solution File, Format Version 12.00
# Visual Studio 14
VisualStudioVersion = 14.0.25420.1
MinimumVisualStudioVersion = 10.0.40219.1
Project("{FAE04EC0-301F-11D3-BF4B-00C04F79EFBC}") = "Nymity.Demo.Domain", "Nymity.Demo.Domain\Nymity.Demo.Domain.csproj", "{4D02CA24-341D-4F92-8B77-9B8D2BA13F4C}"
EndProject
Project("{FAE04EC0-301F-11D3-BF4B-00C04F79EFBC}") = "Nymity.Demo.WebApi", "Nymity.Demo.WebApi\Nymity.Demo.WebApi.csproj", "{B9DB4C4C-D3C1-4185-BC92-980A7EA545B4}"
EndProject
Project("{FAE04EC0-301F-11D3-BF4B-00C04F79EFBC}") = "Nymity.Demo.Infra.Data", "Nymity.Demo.Infra.Data\Nymity.Demo.Infra.Data.csproj", "{B836E52A-F57E-496F-B50C-626C89536FBE}"
EndProject
Project("{FAE04EC0-301F-11D3-BF4B-00C04F79EFBC}") = "Nymity.Demo.IoC", "Nymity.Demo.IoC\Nymity.Demo.IoC.csproj", "{E8829086-BC47-4D64-A86F-168888F94DB4}"
EndProject
Project("{FAE04EC0-301F-11D3-BF4B-00C04F79EFBC}") = "Nymity.Demo.Service", "Nymity.Demo.Service\Nymity.Demo.Service.csproj", "{0F595B8B-B85B-4995-BFD7-8F807F6AFF7E}"
EndProject
Project("{2150E333-8FDC-42A3-9474-1A3956D46DE8}") = "Tests", "Tests", "{C8F19727-61A0-418B-BCFB-0F327D5404BB}"
EndProject
Global
	GlobalSection(SolutionConfigurationPlatforms) = preSolution
		Debug|Any CPU = Debug|Any CPU
		Release|Any CPU = Release|Any CPU
	EndGlobalSection
	GlobalSection(ProjectConfigurationPlatforms) = postSolution
		{4D02CA24-341D-4F92-8B77-9B8D2BA13F4C}.Debug|Any CPU.ActiveCfg = Debug|Any CPU
		{4D02CA24-341D-4F92-8B77-9B8D2BA13F4C}.Debug|Any CPU.Build.0 = Debug|Any CPU
		{4D02CA24-341D-4F92-8B77-9B8D2BA13F4C}.Release|Any CPU.ActiveCfg = Release|Any CPU
		{4D02CA24-341D-4F92-8B77-9B8D2BA13F4C}.Release|Any CPU.Build.0 = Release|Any CPU
		{B9DB4C4C-D3C1-4185-BC92-980A7EA545B4}.Debug|Any CPU.ActiveCfg = Debug|Any CPU
		{B9DB4C4C-D3C1-4185-BC92-980A7EA545B4}.Debug|Any CPU.Build.0 = Debug|Any CPU
		{B9DB4C4C-D3C1-4185-BC92-980A7EA545B4}.Release|Any CPU.ActiveCfg = Release|Any CPU
		{B9DB4C4C-D3C1-4185-BC92-980A7EA545B4}.Release|Any CPU.Build.0 = Release|Any CPU
		{B836E52A-F57E-496F-B50C-626C89536FBE}.Debug|Any CPU.ActiveCfg = Debug|Any CPU
		{B836E52A-F57E-496F-B50C-626C89536FBE}.Debug|Any CPU.Build.0 = Debug|Any CPU
		{B836E52A-F57E-496F-B50C-626C89536FBE}.Release|Any CPU.ActiveCfg = Release|Any CPU
		{B836E52A-F57E-496F-B50C-626C89536FBE}.Release|Any CPU.Build.0 = Release|Any CPU
		{E8829086-BC47-4D64-A86F-168888F94DB4}.Debug|Any CPU.ActiveCfg = Debug|Any CPU
		{E8829086-BC47-4D64-A86F-168888F94DB4}.Debug|Any CPU.Build.0 = Debug|Any CPU
		{E8829086-BC47-4D64-A86F-168888F94DB4}.Release|Any CPU.ActiveCfg = Release|Any CPU
		{E8829086-BC47-4D64-A86F-168888F94DB4}.Release|Any CPU.Build.0 = Release|Any CPU
		{0F595B8B-B85B-4995-BFD7-8F807F6AFF7E}.Debug|Any CPU.ActiveCfg = Debug|Any CPU
		{0F595B8B-B85B-4995-BFD7-8F807F6AFF7E}.Debug|Any CPU.Build.0 = Debug|Any CPU
		{0F595B8B-B85B-4995-BFD7-8F807F6AFF7E}.Release|Any CPU.ActiveCfg = Release|Any CPU
		{0F595B8B-B85B-4995-BFD7-8F807F6AFF7E}.Release|Any CPU.Build.0 = Release|Any CPU
	EndGlobalSection
	GlobalSection(SolutionProperties) = preSolution
		HideSolutionNode = FALSE
	EndGlobalSection
EndGlobal
